
Microsoft Visual Studio Solution File, Format Version 12.00
# Visual Studio Version 17
VisualStudioVersion = 17.9.34622.214
MinimumVisualStudioVersion = 10.0.40219.1
Project("{9A19103F-16F7-4668-BE54-9A1E7A4F7556}") = "Domain", "Doamin\Domain.csproj", "{186C567D-FAC7-4731-97B9-63A0C65AB808}"
EndProject
Global
	GlobalSection(SolutionConfigurationPlatforms) = preSolution
		Debug|Any CPU = Debug|Any CPU
		Release|Any CPU = Release|Any CPU
	EndGlobalSection
	GlobalSection(ProjectConfigurationPlatforms) = postSolution
		{186C567D-FAC7-4731-97B9-63A0C65AB808}.Debug|Any CPU.ActiveCfg = Debug|Any CPU
		{186C567D-FAC7-4731-97B9-63A0C65AB808}.Debug|Any CPU.Build.0 = Debug|Any CPU
		{186C567D-FAC7-4731-97B9-63A0C65AB808}.Release|Any CPU.ActiveCfg = Release|Any CPU
		{186C567D-FAC7-4731-97B9-63A0C65AB808}.Release|Any CPU.Build.0 = Release|Any CPU
	EndGlobalSection
	GlobalSection(SolutionProperties) = preSolution
		HideSolutionNode = FALSE
	EndGlobalSection
	GlobalSection(ExtensibilityGlobals) = postSolution
		SolutionGuid = {77D70BA0-05B4-4A28-80C5-97F4B5C9FEE7}
	EndGlobalSection
EndGlobal
